
Microsoft Visual Studio Solution File, Format Version 12.00
# Visual Studio 15
VisualStudioVersion = 15.0.27703.2000
MinimumVisualStudioVersion = 10.0.40219.1
Project("{FAE04EC0-301F-11D3-BF4B-00C04F79EFBC}") = "chat client", "chat client\chat client.csproj", "{4906C5E0-5DAC-4F76-8D2E-477EDD86449F}"
EndProject
Global
	GlobalSection(SolutionConfigurationPlatforms) = preSolution
		Debug|Any CPU = Debug|Any CPU
		Release|Any CPU = Release|Any CPU
	EndGlobalSection
	GlobalSection(ProjectConfigurationPlatforms) = postSolution
		{4906C5E0-5DAC-4F76-8D2E-477EDD86449F}.Debug|Any CPU.ActiveCfg = Debug|Any CPU
		{4906C5E0-5DAC-4F76-8D2E-477EDD86449F}.Debug|Any CPU.Build.0 = Debug|Any CPU
		{4906C5E0-5DAC-4F76-8D2E-477EDD86449F}.Release|Any CPU.ActiveCfg = Release|Any CPU
		{4906C5E0-5DAC-4F76-8D2E-477EDD86449F}.Release|Any CPU.Build.0 = Release|Any CPU
	EndGlobalSection
	GlobalSection(SolutionProperties) = preSolution
		HideSolutionNode = FALSE
	EndGlobalSection
	GlobalSection(ExtensibilityGlobals) = postSolution
		SolutionGuid = {E8428247-A21B-4F58-AA86-8C0F4450498F}
	EndGlobalSection
EndGlobal
